{
  "lockfileVersion": 1,
  "workspaces": {
    "": {
      "name": "button-component-system",
      "devDependencies": {
        "chroma-js": "^2.4.2",
      },
    },
  },
  "packages": {
    "chroma-js": ["chroma-js@2.6.0", "", {}, "sha512-BLHvCB9s8Z1EV4ethr6xnkl/P2YRFOGqfgvuMG/MyCbZPrTA+NeiByY6XvgF0zP4/2deU2CXnWyMa3zu1LqQ3A=="],
  }
}
